// !$*UTF8*$!
{
	archiveVersion = 1;
	classes = {
	};
	objectVersion = 51;
	objects = {

/* Begin PBXBuildFile section */
		08567E992848A23257AEBFB1 /* Pods_MyPlaces.framework in Frameworks */ = {isa = PBXBuildFile; fileRef = 53C0A30636649193CB997C5D /* Pods_MyPlaces.framework */; };
		B4070C1A24C54AA000FFB1A9 /* PlaceModel.swift in Sources */ = {isa = PBXBuildFile; fileRef = B4070C1924C54AA000FFB1A9 /* PlaceModel.swift */; };
		B46355A624F09DB100596236 /* StorageManager.swift in Sources */ = {isa = PBXBuildFile; fileRef = B46355A524F09DB100596236 /* StorageManager.swift */; };
		B46DD7D724C420A700F36891 /* CustomTableViewCell.swift in Sources */ = {isa = PBXBuildFile; fileRef = B46DD7D624C420A700F36891 /* CustomTableViewCell.swift */; };
		B47DED4224C82064002283B2 /* NewPlaceViewController.swift in Sources */ = {isa = PBXBuildFile; fileRef = B47DED4124C82064002283B2 /* NewPlaceViewController.swift */; };
		B495C37224BEB0CA00DA0074 /* AppDelegate.swift in Sources */ = {isa = PBXBuildFile; fileRef = B495C37124BEB0CA00DA0074 /* AppDelegate.swift */; };
		B495C37424BEB0CA00DA0074 /* SceneDelegate.swift in Sources */ = {isa = PBXBuildFile; fileRef = B495C37324BEB0CA00DA0074 /* SceneDelegate.swift */; };
		B495C37924BEB0CA00DA0074 /* Main.storyboard in Resources */ = {isa = PBXBuildFile; fileRef = B495C37724BEB0CA00DA0074 /* Main.storyboard */; };
		B495C37B24BEB0CF00DA0074 /* Assets.xcassets in Resources */ = {isa = PBXBuildFile; fileRef = B495C37A24BEB0CF00DA0074 /* Assets.xcassets */; };
		B495C37E24BEB0CF00DA0074 /* LaunchScreen.storyboard in Resources */ = {isa = PBXBuildFile; fileRef = B495C37C24BEB0CF00DA0074 /* LaunchScreen.storyboard */; };
		B495C38624BEB12F00DA0074 /* MainViewController.swift in Sources */ = {isa = PBXBuildFile; fileRef = B495C38524BEB12F00DA0074 /* MainViewController.swift */; };
		B4B6071024F9E05200B5609A /* RatingControl.swift in Sources */ = {isa = PBXBuildFile; fileRef = B4B6070F24F9E05200B5609A /* RatingControl.swift */; };
/* End PBXBuildFile section */

/* Begin PBXFileReference section */
		53C0A30636649193CB997C5D /* Pods_MyPlaces.framework */ = {isa = PBXFileReference; explicitFileType = wrapper.framework; includeInIndex = 0; path = Pods_MyPlaces.framework; sourceTree = BUILT_PRODUCTS_DIR; };
		60F7C221ED7E0FF8B2DCAAF5 /* Pods-MyPlaces.release.xcconfig */ = {isa = PBXFileReference; includeInIndex = 1; lastKnownFileType = text.xcconfig; name = "Pods-MyPlaces.release.xcconfig"; path = "Target Support Files/Pods-MyPlaces/Pods-MyPlaces.release.xcconfig"; sourceTree = "<group>"; };
		99CCA59B15E02B3ECC673C4E /* Pods-MyPlaces.debug.xcconfig */ = {isa = PBXFileReference; includeInIndex = 1; lastKnownFileType = text.xcconfig; name = "Pods-MyPlaces.debug.xcconfig"; path = "Target Support Files/Pods-MyPlaces/Pods-MyPlaces.debug.xcconfig"; sourceTree = "<group>"; };
		B4070C1924C54AA000FFB1A9 /* PlaceModel.swift */ = {isa = PBXFileReference; lastKnownFileType = sourcecode.swift; path = PlaceModel.swift; sourceTree = "<group>"; };
		B46355A524F09DB100596236 /* StorageManager.swift */ = {isa = PBXFileReference; lastKnownFileType = sourcecode.swift; path = StorageManager.swift; sourceTree = "<group>"; };
		B46DD7D624C420A700F36891 /* CustomTableViewCell.swift */ = {isa = PBXFileReference; lastKnownFileType = sourcecode.swift; path = CustomTableViewCell.swift; sourceTree = "<group>"; };
		B47DED4124C82064002283B2 /* NewPlaceViewController.swift */ = {isa = PBXFileReference; lastKnownFileType = sourcecode.swift; path = NewPlaceViewController.swift; sourceTree = "<group>"; };
		B495C36E24BEB0CA00DA0074 /* MyPlaces.app */ = {isa = PBXFileReference; explicitFileType = wrapper.application; includeInIndex = 0; path = MyPlaces.app; sourceTree = BUILT_PRODUCTS_DIR; };
		B495C37124BEB0CA00DA0074 /* AppDelegate.swift */ = {isa = PBXFileReference; lastKnownFileType = sourcecode.swift; path = AppDelegate.swift; sourceTree = "<group>"; };
		B495C37324BEB0CA00DA0074 /* SceneDelegate.swift */ = {isa = PBXFileReference; lastKnownFileType = sourcecode.swift; path = SceneDelegate.swift; sourceTree = "<group>"; };
		B495C37824BEB0CA00DA0074 /* Base */ = {isa = PBXFileReference; lastKnownFileType = file.storyboard; name = Base; path = Base.lproj/Main.storyboard; sourceTree = "<group>"; };
		B495C37A24BEB0CF00DA0074 /* Assets.xcassets */ = {isa = PBXFileReference; lastKnownFileType = folder.assetcatalog; path = Assets.xcassets; sourceTree = "<group>"; };
		B495C37D24BEB0CF00DA0074 /* Base */ = {isa = PBXFileReference; lastKnownFileType = file.storyboard; name = Base; path = Base.lproj/LaunchScreen.storyboard; sourceTree = "<group>"; };
		B495C37F24BEB0CF00DA0074 /* Info.plist */ = {isa = PBXFileReference; lastKnownFileType = text.plist.xml; path = Info.plist; sourceTree = "<group>"; };
		B495C38524BEB12F00DA0074 /* MainViewController.swift */ = {isa = PBXFileReference; lastKnownFileType = sourcecode.swift; path = MainViewController.swift; sourceTree = "<group>"; };
		B4B6070F24F9E05200B5609A /* RatingControl.swift */ = {isa = PBXFileReference; lastKnownFileType = sourcecode.swift; path = RatingControl.swift; sourceTree = "<group>"; };
/* End PBXFileReference section */

/* Begin PBXFrameworksBuildPhase section */
		B495C36B24BEB0CA00DA0074 /* Frameworks */ = {
			isa = PBXFrameworksBuildPhase;
			buildActionMask = 2147483647;
			files = (
				08567E992848A23257AEBFB1 /* Pods_MyPlaces.framework in Frameworks */,
			);
			runOnlyForDeploymentPostprocessing = 0;
		};
/* End PBXFrameworksBuildPhase section */

/* Begin PBXGroup section */
		465BA8CB19D577AA824C278B /* Pods */ = {
			isa = PBXGroup;
			children = (
				99CCA59B15E02B3ECC673C4E /* Pods-MyPlaces.debug.xcconfig */,
				60F7C221ED7E0FF8B2DCAAF5 /* Pods-MyPlaces.release.xcconfig */,
			);
			path = Pods;
			sourceTree = "<group>";
		};
		B495C36524BEB0CA00DA0074 = {
			isa = PBXGroup;
			children = (
				B495C37024BEB0CA00DA0074 /* MyPlaces */,
				B495C36F24BEB0CA00DA0074 /* Products */,
				465BA8CB19D577AA824C278B /* Pods */,
				F00634ADEEBA3872F7C0A0E6 /* Frameworks */,
			);
			sourceTree = "<group>";
		};
		B495C36F24BEB0CA00DA0074 /* Products */ = {
			isa = PBXGroup;
			children = (
				B495C36E24BEB0CA00DA0074 /* MyPlaces.app */,
			);
			name = Products;
			sourceTree = "<group>";
		};
		B495C37024BEB0CA00DA0074 /* MyPlaces */ = {
			isa = PBXGroup;
			children = (
				B495C37124BEB0CA00DA0074 /* AppDelegate.swift */,
				B495C37324BEB0CA00DA0074 /* SceneDelegate.swift */,
				B495C38524BEB12F00DA0074 /* MainViewController.swift */,
				B4070C1924C54AA000FFB1A9 /* PlaceModel.swift */,
				B46355A524F09DB100596236 /* StorageManager.swift */,
				B46DD7D624C420A700F36891 /* CustomTableViewCell.swift */,
				B4B6070F24F9E05200B5609A /* RatingControl.swift */,
				B47DED4124C82064002283B2 /* NewPlaceViewController.swift */,
				B495C37724BEB0CA00DA0074 /* Main.storyboard */,
				B495C37A24BEB0CF00DA0074 /* Assets.xcassets */,
				B495C37C24BEB0CF00DA0074 /* LaunchScreen.storyboard */,
				B495C37F24BEB0CF00DA0074 /* Info.plist */,
			);
			path = MyPlaces;
			sourceTree = "<group>";
		};
		F00634ADEEBA3872F7C0A0E6 /* Frameworks */ = {
			isa = PBXGroup;
			children = (
				53C0A30636649193CB997C5D /* Pods_MyPlaces.framework */,
			);
			name = Frameworks;
			sourceTree = "<group>";
		};
/* End PBXGroup section */

/* Begin PBXNativeTarget section */
		B495C36D24BEB0CA00DA0074 /* MyPlaces */ = {
			isa = PBXNativeTarget;
			buildConfigurationList = B495C38224BEB0CF00DA0074 /* Build configuration list for PBXNativeTarget "MyPlaces" */;
			buildPhases = (
				44B0D455A6B8948FF2B290F6 /* [CP] Check Pods Manifest.lock */,
				B495C36A24BEB0CA00DA0074 /* Sources */,
				B495C36B24BEB0CA00DA0074 /* Frameworks */,
				B495C36C24BEB0CA00DA0074 /* Resources */,
				DB4B05FA1D41B10F55DD8845 /* [CP] Embed Pods Frameworks */,
			);
			buildRules = (
			);
			dependencies = (
			);
			name = MyPlaces;
			productName = MyPlaces;
			productReference = B495C36E24BEB0CA00DA0074 /* MyPlaces.app */;
			productType = "com.apple.product-type.application";
		};
/* End PBXNativeTarget section */

/* Begin PBXProject section */
		B495C36624BEB0CA00DA0074 /* Project object */ = {
			isa = PBXProject;
			attributes = {
				LastSwiftUpdateCheck = 1140;
				LastUpgradeCheck = 1140;
				ORGANIZATIONNAME = "Swift&Xcode";
				TargetAttributes = {
					B495C36D24BEB0CA00DA0074 = {
						CreatedOnToolsVersion = 11.4.1;
					};
				};
			};
			buildConfigurationList = B495C36924BEB0CA00DA0074 /* Build configuration list for PBXProject "MyPlaces" */;
			compatibilityVersion = "Xcode 9.3";
			developmentRegion = en;
			hasScannedForEncodings = 0;
			knownRegions = (
				en,
				Base,
			);
			mainGroup = B495C36524BEB0CA00DA0074;
			productRefGroup = B495C36F24BEB0CA00DA0074 /* Products */;
			projectDirPath = "";
			projectRoot = "";
			targets = (
				B495C36D24BEB0CA00DA0074 /* MyPlaces */,
			);
		};
/* End PBXProject section */

/* Begin PBXResourcesBuildPhase section */
		B495C36C24BEB0CA00DA0074 /* Resources */ = {
			isa = PBXResourcesBuildPhase;
			buildActionMask = 2147483647;
			files = (
				B495C37E24BEB0CF00DA0074 /* LaunchScreen.storyboard in Resources */,
				B495C37B24BEB0CF00DA0074 /* Assets.xcassets in Resources */,
				B495C37924BEB0CA00DA0074 /* Main.storyboard in Resources */,
			);
			runOnlyForDeploymentPostprocessing = 0;
		};
/* End PBXResourcesBuildPhase section */

/* Begin PBXShellScriptBuildPhase section */
		44B0D455A6B8948FF2B290F6 /* [CP] Check Pods Manifest.lock */ = {
			isa = PBXShellScriptBuildPhase;
			buildActionMask = 2147483647;
			files = (
			);
			inputFileListPaths = (
			);
			inputPaths = (
				"${PODS_PODFILE_DIR_PATH}/Podfile.lock",
				"${PODS_ROOT}/Manifest.lock",
			);
			name = "[CP] Check Pods Manifest.lock";
			outputFileListPaths = (
			);
			outputPaths = (
				"$(DERIVED_FILE_DIR)/Pods-MyPlaces-checkManifestLockResult.txt",
			);
			runOnlyForDeploymentPostprocessing = 0;
			shellPath = /bin/sh;
			shellScript = "diff \"${PODS_PODFILE_DIR_PATH}/Podfile.lock\" \"${PODS_ROOT}/Manifest.lock\" > /dev/null\nif [ $? != 0 ] ; then\n    # print error to STDERR\n    echo \"error: The sandbox is not in sync with the Podfile.lock. Run 'pod install' or update your CocoaPods installation.\" >&2\n    exit 1\nfi\n# This output is used by Xcode 'outputs' to avoid re-running this script phase.\necho \"SUCCESS\" > \"${SCRIPT_OUTPUT_FILE_0}\"\n";
			showEnvVarsInLog = 0;
		};
		DB4B05FA1D41B10F55DD8845 /* [CP] Embed Pods Frameworks */ = {
			isa = PBXShellScriptBuildPhase;
			buildActionMask = 2147483647;
			files = (
			);
			inputFileListPaths = (
				"${PODS_ROOT}/Target Support Files/Pods-MyPlaces/Pods-MyPlaces-frameworks-${CONFIGURATION}-input-files.xcfilelist",
			);
			name = "[CP] Embed Pods Frameworks";
			outputFileListPaths = (
				"${PODS_ROOT}/Target Support Files/Pods-MyPlaces/Pods-MyPlaces-frameworks-${CONFIGURATION}-output-files.xcfilelist",
			);
			runOnlyForDeploymentPostprocessing = 0;
			shellPath = /bin/sh;
			shellScript = "\"${PODS_ROOT}/Target Support Files/Pods-MyPlaces/Pods-MyPlaces-frameworks.sh\"\n";
			showEnvVarsInLog = 0;
		};
/* End PBXShellScriptBuildPhase section */

/* Begin PBXSourcesBuildPhase section */
		B495C36A24BEB0CA00DA0074 /* Sources */ = {
			isa = PBXSourcesBuildPhase;
			buildActionMask = 2147483647;
			files = (
				B495C38624BEB12F00DA0074 /* MainViewController.swift in Sources */,
				B47DED4224C82064002283B2 /* NewPlaceViewController.swift in Sources */,
				B495C37224BEB0CA00DA0074 /* AppDelegate.swift in Sources */,
				B46355A624F09DB100596236 /* StorageManager.swift in Sources */,
				B4B6071024F9E05200B5609A /* RatingControl.swift in Sources */,
				B4070C1A24C54AA000FFB1A9 /* PlaceModel.swift in Sources */,
				B46DD7D724C420A700F36891 /* CustomTableViewCell.swift in Sources */,
				B495C37424BEB0CA00DA0074 /* SceneDelegate.swift in Sources */,
			);
			runOnlyForDeploymentPostprocessing = 0;
		};
/* End PBXSourcesBuildPhase section */

/* Begin PBXVariantGroup section */
		B495C37724BEB0CA00DA0074 /* Main.storyboard */ = {
			isa = PBXVariantGroup;
			children = (
				B495C37824BEB0CA00DA0074 /* Base */,
			);
			name = Main.storyboard;
			sourceTree = "<group>";
		};
		B495C37C24BEB0CF00DA0074 /* LaunchScreen.storyboard */ = {
			isa = PBXVariantGroup;
			children = (
				B495C37D24BEB0CF00DA0074 /* Base */,
			);
			name = LaunchScreen.storyboard;
			sourceTree = "<group>";
		};
/* End PBXVariantGroup section */

/* Begin XCBuildConfiguration section */
		B495C38024BEB0CF00DA0074 /* Debug */ = {
			isa = XCBuildConfiguration;
			buildSettings = {
				ALWAYS_SEARCH_USER_PATHS = NO;
				CLANG_ANALYZER_NONNULL = YES;
				CLANG_ANALYZER_NUMBER_OBJECT_CONVERSION = YES_AGGRESSIVE;
				CLANG_CXX_LANGUAGE_STANDARD = "gnu++14";
				CLANG_CXX_LIBRARY = "libc++";
				CLANG_ENABLE_MODULES = YES;
				CLANG_ENABLE_OBJC_ARC = YES;
				CLANG_ENABLE_OBJC_WEAK = YES;
				CLANG_WARN_BLOCK_CAPTURE_AUTORELEASING = YES;
				CLANG_WARN_BOOL_CONVERSION = YES;
				CLANG_WARN_COMMA = YES;
				CLANG_WARN_CONSTANT_CONVERSION = YES;
				CLANG_WARN_DEPRECATED_OBJC_IMPLEMENTATIONS = YES;
				CLANG_WARN_DIRECT_OBJC_ISA_USAGE = YES_ERROR;
				CLANG_WARN_DOCUMENTATION_COMMENTS = YES;
				CLANG_WARN_EMPTY_BODY = YES;
				CLANG_WARN_ENUM_CONVERSION = YES;
				CLANG_WARN_INFINITE_RECURSION = YES;
				CLANG_WARN_INT_CONVERSION = YES;
				CLANG_WARN_NON_LITERAL_NULL_CONVERSION = YES;
				CLANG_WARN_OBJC_IMPLICIT_RETAIN_SELF = YES;
				CLANG_WARN_OBJC_LITERAL_CONVERSION = YES;
				CLANG_WARN_OBJC_ROOT_CLASS = YES_ERROR;
				CLANG_WARN_RANGE_LOOP_ANALYSIS = YES;
				CLANG_WARN_STRICT_PROTOTYPES = YES;
				CLANG_WARN_SUSPICIOUS_MOVE = YES;
				CLANG_WARN_UNGUARDED_AVAILABILITY = YES_AGGRESSIVE;
				CLANG_WARN_UNREACHABLE_CODE = YES;
				CLANG_WARN__DUPLICATE_METHOD_MATCH = YES;
				COPY_PHASE_STRIP = NO;
				DEBUG_INFORMATION_FORMAT = dwarf;
				ENABLE_STRICT_OBJC_MSGSEND = YES;
				ENABLE_TESTABILITY = YES;
				GCC_C_LANGUAGE_STANDARD = gnu11;
				GCC_DYNAMIC_NO_PIC = NO;
				GCC_NO_COMMON_BLOCKS = YES;
				GCC_OPTIMIZATION_LEVEL = 0;
				GCC_PREPROCESSOR_DEFINITIONS = (
					"DEBUG=1",
					"$(inherited)",
				);
				GCC_WARN_64_TO_32_BIT_CONVERSION = YES;
				GCC_WARN_ABOUT_RETURN_TYPE = YES_ERROR;
				GCC_WARN_UNDECLARED_SELECTOR = YES;
				GCC_WARN_UNINITIALIZED_AUTOS = YES_AGGRESSIVE;
				GCC_WARN_UNUSED_FUNCTION = YES;
				GCC_WARN_UNUSED_VARIABLE = YES;
				IPHONEOS_DEPLOYMENT_TARGET = 13.4;
				MTL_ENABLE_DEBUG_INFO = INCLUDE_SOURCE;
				MTL_FAST_MATH = YES;
				ONLY_ACTIVE_ARCH = YES;
				SDKROOT = iphoneos;
				SWIFT_ACTIVE_COMPILATION_CONDITIONS = DEBUG;
				SWIFT_OPTIMIZATION_LEVEL = "-Onone";
			};
			name = Debug;
		};
		B495C38124BEB0CF00DA0074 /* Release */ = {
			isa = XCBuildConfiguration;
			buildSettings = {
				ALWAYS_SEARCH_USER_PATHS = NO;
				CLANG_ANALYZER_NONNULL = YES;
				CLANG_ANALYZER_NUMBER_OBJECT_CONVERSION = YES_AGGRESSIVE;
				CLANG_CXX_LANGUAGE_STANDARD = "gnu++14";
				CLANG_CXX_LIBRARY = "libc++";
				CLANG_ENABLE_MODULES = YES;
				CLANG_ENABLE_OBJC_ARC = YES;
				CLANG_ENABLE_OBJC_WEAK = YES;
				CLANG_WARN_BLOCK_CAPTURE_AUTORELEASING = YES;
				CLANG_WARN_BOOL_CONVERSION = YES;
				CLANG_WARN_COMMA = YES;
				CLANG_WARN_CONSTANT_CONVERSION = YES;
				CLANG_WARN_DEPRECATED_OBJC_IMPLEMENTATIONS = YES;
				CLANG_WARN_DIRECT_OBJC_ISA_USAGE = YES_ERROR;
				CLANG_WARN_DOCUMENTATION_COMMENTS = YES;
				CLANG_WARN_EMPTY_BODY = YES;
				CLANG_WARN_ENUM_CONVERSION = YES;
				CLANG_WARN_INFINITE_RECURSION = YES;
				CLANG_WARN_INT_CONVERSION = YES;
				CLANG_WARN_NON_LITERAL_NULL_CONVERSION = YES;
				CLANG_WARN_OBJC_IMPLICIT_RETAIN_SELF = YES;
				CLANG_WARN_OBJC_LITERAL_CONVERSION = YES;
				CLANG_WARN_OBJC_ROOT_CLASS = YES_ERROR;
				CLANG_WARN_RANGE_LOOP_ANALYSIS = YES;
				CLANG_WARN_STRICT_PROTOTYPES = YES;
				CLANG_WARN_SUSPICIOUS_MOVE = YES;
				CLANG_WARN_UNGUARDED_AVAILABILITY = YES_AGGRESSIVE;
				CLANG_WARN_UNREACHABLE_CODE = YES;
				CLANG_WARN__DUPLICATE_METHOD_MATCH = YES;
				COPY_PHASE_STRIP = NO;
				DEBUG_INFORMATION_FORMAT = "dwarf-with-dsym";
				ENABLE_NS_ASSERTIONS = NO;
				ENABLE_STRICT_OBJC_MSGSEND = YES;
				GCC_C_LANGUAGE_STANDARD = gnu11;
				GCC_NO_COMMON_BLOCKS = YES;
				GCC_WARN_64_TO_32_BIT_CONVERSION = YES;
				GCC_WARN_ABOUT_RETURN_TYPE = YES_ERROR;
				GCC_WARN_UNDECLARED_SELECTOR = YES;
				GCC_WARN_UNINITIALIZED_AUTOS = YES_AGGRESSIVE;
				GCC_WARN_UNUSED_FUNCTION = YES;
				GCC_WARN_UNUSED_VARIABLE = YES;
				IPHONEOS_DEPLOYMENT_TARGET = 13.4;
				MTL_ENABLE_DEBUG_INFO = NO;
				MTL_FAST_MATH = YES;
				SDKROOT = iphoneos;
				SWIFT_COMPILATION_MODE = wholemodule;
				SWIFT_OPTIMIZATION_LEVEL = "-O";
				VALIDATE_PRODUCT = YES;
			};
			name = Release;
		};
		B495C38324BEB0CF00DA0074 /* Debug */ = {
			isa = XCBuildConfiguration;
			baseConfigurationReference = 99CCA59B15E02B3ECC673C4E /* Pods-MyPlaces.debug.xcconfig */;
			buildSettings = {
				ASSETCATALOG_COMPILER_APPICON_NAME = AppIcon;
				CODE_SIGN_STYLE = Automatic;
				DEVELOPMENT_TEAM = 3QHU42WVT6;
				INFOPLIST_FILE = MyPlaces/Info.plist;
				LD_RUNPATH_SEARCH_PATHS = (
					"$(inherited)",
					"@executable_path/Frameworks",
				);
				PRODUCT_BUNDLE_IDENTIFIER = "mobile.app.Swift-Xcode.MyPlaces";
				PRODUCT_NAME = "$(TARGET_NAME)";
				SWIFT_VERSION = 5.0;
				TARGETED_DEVICE_FAMILY = "1,2";
			};
			name = Debug;
		};
		B495C38424BEB0CF00DA0074 /* Release */ = {
			isa = XCBuildConfiguration;
			baseConfigurationReference = 60F7C221ED7E0FF8B2DCAAF5 /* Pods-MyPlaces.release.xcconfig */;
			buildSettings = {
				ASSETCATALOG_COMPILER_APPICON_NAME = AppIcon;
				CODE_SIGN_STYLE = Automatic;
				DEVELOPMENT_TEAM = 3QHU42WVT6;
				INFOPLIST_FILE = MyPlaces/Info.plist;
				LD_RUNPATH_SEARCH_PATHS = (
					"$(inherited)",
					"@executable_path/Frameworks",
				);
				PRODUCT_BUNDLE_IDENTIFIER = "mobile.app.Swift-Xcode.MyPlaces";
				PRODUCT_NAME = "$(TARGET_NAME)";
				SWIFT_VERSION = 5.0;
				TARGETED_DEVICE_FAMILY = "1,2";
			};
			name = Release;
		};
/* End XCBuildConfiguration section */

/* Begin XCConfigurationList section */
		B495C36924BEB0CA00DA0074 /* Build configuration list for PBXProject "MyPlaces" */ = {
			isa = XCConfigurationList;
			buildConfigurations = (
				B495C38024BEB0CF00DA0074 /* Debug */,
				B495C38124BEB0CF00DA0074 /* Release */,
			);
			defaultConfigurationIsVisible = 0;
			defaultConfigurationName = Release;
		};
		B495C38224BEB0CF00DA0074 /* Build configuration list for PBXNativeTarget "MyPlaces" */ = {
			isa = XCConfigurationList;
			buildConfigurations = (
				B495C38324BEB0CF00DA0074 /* Debug */,
				B495C38424BEB0CF00DA0074 /* Release */,
			);
			defaultConfigurationIsVisible = 0;
			defaultConfigurationName = Release;
		};
/* End XCConfigurationList section */
	};
	rootObject = B495C36624BEB0CA00DA0074 /* Project object */;
}
